
Microsoft Visual Studio Solution File, Format Version 12.00
# Visual Studio Version 16
VisualStudioVersion = 16.0.30011.22
MinimumVisualStudioVersion = 10.0.40219.1
Project("{9A19103F-16F7-4668-BE54-9A1E7A4F7556}") = "InventoryManager.Domain", "InventoryManager.Domain\InventoryManager.Domain.csproj", "{184DCBB0-F58B-44D6-8010-BB9C56DEF327}"
EndProject
Project("{9A19103F-16F7-4668-BE54-9A1E7A4F7556}") = "InventoryManager.EntityFramework", "InventoryManager.EntityFramework\InventoryManager.EntityFramework.csproj", "{41C0912B-BDF3-43DC-9B00-95D8E1CE61B9}"
EndProject
Project("{9A19103F-16F7-4668-BE54-9A1E7A4F7556}") = "InventoryManager.DnD5eAPI", "InventoryManager.DnD5eAPI\InventoryManager.DnD5eAPI.csproj", "{20D86A47-E23F-4D5B-A518-0903BF52B107}"
EndProject
Project("{9A19103F-16F7-4668-BE54-9A1E7A4F7556}") = "TestConsoleApp", "TestConsoleApp\TestConsoleApp.csproj", "{C3ECB009-AD28-49D2-969F-35A6D67D0B42}"
EndProject
Project("{FAE04EC0-301F-11D3-BF4B-00C04F79EFBC}") = "InventoryManager.WPF.UI", "InventoryManager.WPF.UI\InventoryManager.WPF.UI.csproj", "{3F0BC6F1-8655-4126-B6EB-E1ACEB4139E5}"
EndProject
Global
	GlobalSection(SolutionConfigurationPlatforms) = preSolution
		Debug|Any CPU = Debug|Any CPU
		Release|Any CPU = Release|Any CPU
	EndGlobalSection
	GlobalSection(ProjectConfigurationPlatforms) = postSolution
		{184DCBB0-F58B-44D6-8010-BB9C56DEF327}.Debug|Any CPU.ActiveCfg = Debug|Any CPU
		{184DCBB0-F58B-44D6-8010-BB9C56DEF327}.Debug|Any CPU.Build.0 = Debug|Any CPU
		{184DCBB0-F58B-44D6-8010-BB9C56DEF327}.Release|Any CPU.ActiveCfg = Release|Any CPU
		{184DCBB0-F58B-44D6-8010-BB9C56DEF327}.Release|Any CPU.Build.0 = Release|Any CPU
		{41C0912B-BDF3-43DC-9B00-95D8E1CE61B9}.Debug|Any CPU.ActiveCfg = Debug|Any CPU
		{41C0912B-BDF3-43DC-9B00-95D8E1CE61B9}.Debug|Any CPU.Build.0 = Debug|Any CPU
		{41C0912B-BDF3-43DC-9B00-95D8E1CE61B9}.Release|Any CPU.ActiveCfg = Release|Any CPU
		{41C0912B-BDF3-43DC-9B00-95D8E1CE61B9}.Release|Any CPU.Build.0 = Release|Any CPU
		{20D86A47-E23F-4D5B-A518-0903BF52B107}.Debug|Any CPU.ActiveCfg = Debug|Any CPU
		{20D86A47-E23F-4D5B-A518-0903BF52B107}.Debug|Any CPU.Build.0 = Debug|Any CPU
		{20D86A47-E23F-4D5B-A518-0903BF52B107}.Release|Any CPU.ActiveCfg = Release|Any CPU
		{20D86A47-E23F-4D5B-A518-0903BF52B107}.Release|Any CPU.Build.0 = Release|Any CPU
		{C3ECB009-AD28-49D2-969F-35A6D67D0B42}.Debug|Any CPU.ActiveCfg = Debug|Any CPU
		{C3ECB009-AD28-49D2-969F-35A6D67D0B42}.Debug|Any CPU.Build.0 = Debug|Any CPU
		{C3ECB009-AD28-49D2-969F-35A6D67D0B42}.Release|Any CPU.ActiveCfg = Release|Any CPU
		{C3ECB009-AD28-49D2-969F-35A6D67D0B42}.Release|Any CPU.Build.0 = Release|Any CPU
		{3F0BC6F1-8655-4126-B6EB-E1ACEB4139E5}.Debug|Any CPU.ActiveCfg = Debug|Any CPU
		{3F0BC6F1-8655-4126-B6EB-E1ACEB4139E5}.Debug|Any CPU.Build.0 = Debug|Any CPU
		{3F0BC6F1-8655-4126-B6EB-E1ACEB4139E5}.Release|Any CPU.ActiveCfg = Release|Any CPU
		{3F0BC6F1-8655-4126-B6EB-E1ACEB4139E5}.Release|Any CPU.Build.0 = Release|Any CPU
	EndGlobalSection
	GlobalSection(SolutionProperties) = preSolution
		HideSolutionNode = FALSE
	EndGlobalSection
	GlobalSection(ExtensibilityGlobals) = postSolution
		SolutionGuid = {645C12DA-461A-4295-A7DA-479D8761A853}
	EndGlobalSection
EndGlobal
